
Microsoft Visual Studio Solution File, Format Version 12.00
# Visual Studio Version 17
VisualStudioVersion = 17.8.34330.188
MinimumVisualStudioVersion = 10.0.40219.1
Project("{FAE04EC0-301F-11D3-BF4B-00C04F79EFBC}") = "BlazorApp1", "BlazorApp1\BlazorApp1.csproj", "{913FDBE2-BD5D-4914-BA74-D171542C096C}"
EndProject
Global
	GlobalSection(SolutionConfigurationPlatforms) = preSolution
		Debug|Any CPU = Debug|Any CPU
		Release|Any CPU = Release|Any CPU
	EndGlobalSection
	GlobalSection(ProjectConfigurationPlatforms) = postSolution
		{913FDBE2-BD5D-4914-BA74-D171542C096C}.Debug|Any CPU.ActiveCfg = Debug|Any CPU
		{913FDBE2-BD5D-4914-BA74-D171542C096C}.Debug|Any CPU.Build.0 = Debug|Any CPU
		{913FDBE2-BD5D-4914-BA74-D171542C096C}.Release|Any CPU.ActiveCfg = Release|Any CPU
		{913FDBE2-BD5D-4914-BA74-D171542C096C}.Release|Any CPU.Build.0 = Release|Any CPU
	EndGlobalSection
	GlobalSection(SolutionProperties) = preSolution
		HideSolutionNode = FALSE
	EndGlobalSection
	GlobalSection(ExtensibilityGlobals) = postSolution
		SolutionGuid = {50E9E4E4-E2DD-418E-A5A8-2748B8F76FAD}
	EndGlobalSection
EndGlobal
